
Microsoft Visual Studio Solution File, Format Version 12.00
# Visual Studio Version 17
VisualStudioVersion = 17.9.34622.214
MinimumVisualStudioVersion = 10.0.40219.1
Project("{FAE04EC0-301F-11D3-BF4B-00C04F79EFBC}") = "ArtReferenceTimedViewer", "ArtReferenceTimedViewer\ArtReferenceTimedViewer.csproj", "{D0331D6B-34FD-42D6-827B-EEA7CED477A9}"
EndProject
Project("{FAE04EC0-301F-11D3-BF4B-00C04F79EFBC}") = "ArtReferenceTimedViewerLibrary", "ArtReferenceTimedViewerLibrary\ArtReferenceTimedViewerLibrary.csproj", "{309C4675-551B-4190-B3AC-368AE2DC2C82}"
EndProject
Global
	GlobalSection(SolutionConfigurationPlatforms) = preSolution
		Debug|Any CPU = Debug|Any CPU
		Release|Any CPU = Release|Any CPU
	EndGlobalSection
	GlobalSection(ProjectConfigurationPlatforms) = postSolution
		{D0331D6B-34FD-42D6-827B-EEA7CED477A9}.Debug|Any CPU.ActiveCfg = Debug|Any CPU
		{D0331D6B-34FD-42D6-827B-EEA7CED477A9}.Debug|Any CPU.Build.0 = Debug|Any CPU
		{D0331D6B-34FD-42D6-827B-EEA7CED477A9}.Release|Any CPU.ActiveCfg = Release|Any CPU
		{D0331D6B-34FD-42D6-827B-EEA7CED477A9}.Release|Any CPU.Build.0 = Release|Any CPU
		{309C4675-551B-4190-B3AC-368AE2DC2C82}.Debug|Any CPU.ActiveCfg = Debug|Any CPU
		{309C4675-551B-4190-B3AC-368AE2DC2C82}.Debug|Any CPU.Build.0 = Debug|Any CPU
		{309C4675-551B-4190-B3AC-368AE2DC2C82}.Release|Any CPU.ActiveCfg = Release|Any CPU
		{309C4675-551B-4190-B3AC-368AE2DC2C82}.Release|Any CPU.Build.0 = Release|Any CPU
	EndGlobalSection
	GlobalSection(SolutionProperties) = preSolution
		HideSolutionNode = FALSE
	EndGlobalSection
	GlobalSection(ExtensibilityGlobals) = postSolution
		SolutionGuid = {EB83CF70-CFF8-4C32-B665-3DBF3C9FE19C}
	EndGlobalSection
EndGlobal
